
Microsoft Visual Studio Solution File, Format Version 12.00
# Visual Studio Version 17
VisualStudioVersion = 17.4.33213.308
MinimumVisualStudioVersion = 10.0.40219.1
Project("{FAE04EC0-301F-11D3-BF4B-00C04F79EFBC}") = "EF", "EF\EF.csproj", "{4CDF5D7C-AFE2-4AF8-AC8A-17336AAB8545}"
EndProject
Global
	GlobalSection(SolutionConfigurationPlatforms) = preSolution
		Debug|Any CPU = Debug|Any CPU
		Release|Any CPU = Release|Any CPU
	EndGlobalSection
	GlobalSection(ProjectConfigurationPlatforms) = postSolution
		{4CDF5D7C-AFE2-4AF8-AC8A-17336AAB8545}.Debug|Any CPU.ActiveCfg = Debug|Any CPU
		{4CDF5D7C-AFE2-4AF8-AC8A-17336AAB8545}.Debug|Any CPU.Build.0 = Debug|Any CPU
		{4CDF5D7C-AFE2-4AF8-AC8A-17336AAB8545}.Release|Any CPU.ActiveCfg = Release|Any CPU
		{4CDF5D7C-AFE2-4AF8-AC8A-17336AAB8545}.Release|Any CPU.Build.0 = Release|Any CPU
	EndGlobalSection
	GlobalSection(SolutionProperties) = preSolution
		HideSolutionNode = FALSE
	EndGlobalSection
	GlobalSection(ExtensibilityGlobals) = postSolution
		SolutionGuid = {F7499D1B-4808-45B1-923A-4918A6034870}
	EndGlobalSection
EndGlobal
